
Microsoft Visual Studio Solution File, Format Version 12.00
# Visual Studio Version 17
VisualStudioVersion = 17.13.35828.75 d17.13
MinimumVisualStudioVersion = 10.0.40219.1
Project("{FAE04EC0-301F-11D3-BF4B-00C04F79EFBC}") = "DallEImageGenaration", "ConsoleApp1\DallEImageGenaration.csproj", "{C699701F-8383-4955-9E7F-C2B7BF723CBF}"
EndProject
Global
	GlobalSection(SolutionConfigurationPlatforms) = preSolution
		Debug|Any CPU = Debug|Any CPU
		Release|Any CPU = Release|Any CPU
	EndGlobalSection
	GlobalSection(ProjectConfigurationPlatforms) = postSolution
		{C699701F-8383-4955-9E7F-C2B7BF723CBF}.Debug|Any CPU.ActiveCfg = Debug|Any CPU
		{C699701F-8383-4955-9E7F-C2B7BF723CBF}.Debug|Any CPU.Build.0 = Debug|Any CPU
		{C699701F-8383-4955-9E7F-C2B7BF723CBF}.Release|Any CPU.ActiveCfg = Release|Any CPU
		{C699701F-8383-4955-9E7F-C2B7BF723CBF}.Release|Any CPU.Build.0 = Release|Any CPU
	EndGlobalSection
	GlobalSection(SolutionProperties) = preSolution
		HideSolutionNode = FALSE
	EndGlobalSection
	GlobalSection(ExtensibilityGlobals) = postSolution
		SolutionGuid = {1D8EBD88-604D-4E3B-92E5-DA302A79C3F1}
	EndGlobalSection
EndGlobal
